// !$*UTF8*$!
{
	archiveVersion = 1;
	classes = {
	};
	objectVersion = 46;
	objects = {

/* Begin PBXBuildFile section */
		6306E0AE157FFB020047CFC8 /* UIKit.framework in Frameworks */ = {isa = PBXBuildFile; fileRef = 6306E0AD157FFB020047CFC8 /* UIKit.framework */; };
		6306E0B0157FFB020047CFC8 /* Foundation.framework in Frameworks */ = {isa = PBXBuildFile; fileRef = 6306E0AF157FFB020047CFC8 /* Foundation.framework */; };
		6306E0B2157FFB020047CFC8 /* CoreGraphics.framework in Frameworks */ = {isa = PBXBuildFile; fileRef = 6306E0B1157FFB020047CFC8 /* CoreGraphics.framework */; };
		6306E0B8157FFB020047CFC8 /* InfoPlist.strings in Resources */ = {isa = PBXBuildFile; fileRef = 6306E0B6157FFB020047CFC8 /* InfoPlist.strings */; };
		6306E0BA157FFB020047CFC8 /* main.m in Sources */ = {isa = PBXBuildFile; fileRef = 6306E0B9157FFB020047CFC8 /* main.m */; };
		6306E0BE157FFB020047CFC8 /* MTAppDelegate.m in Sources */ = {isa = PBXBuildFile; fileRef = 6306E0BD157FFB020047CFC8 /* MTAppDelegate.m */; };
		6306E0C1157FFB020047CFC8 /* MTViewController.m in Sources */ = {isa = PBXBuildFile; fileRef = 6306E0C0157FFB020047CFC8 /* MTViewController.m */; };
		6306E0C4157FFB020047CFC8 /* MTViewController.xib in Resources */ = {isa = PBXBuildFile; fileRef = 6306E0C2157FFB020047CFC8 /* MTViewController.xib */; };
		6306E0C9157FFB020047CFCA /* README.md in Resources */ = {isa = PBXBuildFile; fileRef = 6306E0C9157FFB020047CFC9 /* README.md */; };
/* End PBXBuildFile section */

/* Begin PBXFileReference section */
		6306E0A9157FFB020047CFC8 /* LockExample.app */ = {isa = PBXFileReference; explicitFileType = wrapper.application; includeInIndex = 0; path = LockExample.app; sourceTree = BUILT_PRODUCTS_DIR; };
		6306E0AD157FFB020047CFC8 /* UIKit.framework */ = {isa = PBXFileReference; lastKnownFileType = wrapper.framework; name = UIKit.framework; path = System/Library/Frameworks/UIKit.framework; sourceTree = SDKROOT; };
		6306E0AF157FFB020047CFC8 /* Foundation.framework */ = {isa = PBXFileReference; lastKnownFileType = wrapper.framework; name = Foundation.framework; path = System/Library/Frameworks/Foundation.framework; sourceTree = SDKROOT; };
		6306E0B1157FFB020047CFC8 /* CoreGraphics.framework */ = {isa = PBXFileReference; lastKnownFileType = wrapper.framework; name = CoreGraphics.framework; path = System/Library/Frameworks/CoreGraphics.framework; sourceTree = SDKROOT; };
		6306E0B5157FFB020047CFC8 /* LockExample-Info.plist */ = {isa = PBXFileReference; lastKnownFileType = text.plist.xml; path = "LockExample-Info.plist"; sourceTree = "<group>"; };
		6306E0B7157FFB020047CFC8 /* en */ = {isa = PBXFileReference; lastKnownFileType = text.plist.strings; name = en; path = en.lproj/InfoPlist.strings; sourceTree = "<group>"; };
		6306E0B9157FFB020047CFC8 /* main.m */ = {isa = PBXFileReference; lastKnownFileType = sourcecode.c.objc; path = main.m; sourceTree = "<group>"; };
		6306E0BB157FFB020047CFC8 /* LockExample-Prefix.pch */ = {isa = PBXFileReference; lastKnownFileType = sourcecode.c.h; path = "LockExample-Prefix.pch"; sourceTree = "<group>"; };
		6306E0BC157FFB020047CFC8 /* MTAppDelegate.h */ = {isa = PBXFileReference; lastKnownFileType = sourcecode.c.h; path = MTAppDelegate.h; sourceTree = "<group>"; };
		6306E0BD157FFB020047CFC8 /* MTAppDelegate.m */ = {isa = PBXFileReference; lastKnownFileType = sourcecode.c.objc; path = MTAppDelegate.m; sourceTree = "<group>"; };
		6306E0BF157FFB020047CFC8 /* MTViewController.h */ = {isa = PBXFileReference; lastKnownFileType = sourcecode.c.h; path = MTViewController.h; sourceTree = "<group>"; };
		6306E0C0157FFB020047CFC8 /* MTViewController.m */ = {isa = PBXFileReference; lastKnownFileType = sourcecode.c.objc; path = MTViewController.m; sourceTree = "<group>"; };
		6306E0C3157FFB020047CFC8 /* en */ = {isa = PBXFileReference; lastKnownFileType = file.xib; name = en; path = en.lproj/MTViewController.xib; sourceTree = "<group>"; };
		6306E0C9157FFB020047CFC9 /* README.md */ = {isa = PBXFileReference; lastKnownFileType = file.md; path = README.md; sourceTree = "<group>"; };
/* End PBXFileReference section */

/* Begin PBXFrameworksBuildPhase section */
		6306E0A6157FFB010047CFC8 /* Frameworks */ = {
			isa = PBXFrameworksBuildPhase;
			buildActionMask = 2147483647;
			files = (
				6306E0AE157FFB020047CFC8 /* UIKit.framework in Frameworks */,
				6306E0B0157FFB020047CFC8 /* Foundation.framework in Frameworks */,
				6306E0B2157FFB020047CFC8 /* CoreGraphics.framework in Frameworks */,
			);
			runOnlyForDeploymentPostprocessing = 0;
		};
/* End PBXFrameworksBuildPhase section */

/* Begin PBXGroup section */
		6306E09E157FFB010047CFC8 = {
			isa = PBXGroup;
			children = (
				6306E0C9157FFB020047CFC9 /* README.md */,
				6306E0B3157FFB020047CFC8 /* LockExample */,
				6306E0AC157FFB020047CFC8 /* Frameworks */,
				6306E0AA157FFB020047CFC8 /* Products */,
			);
			sourceTree = "<group>";
		};
		6306E0AA157FFB020047CFC8 /* Products */ = {
			isa = PBXGroup;
			children = (
				6306E0A9157FFB020047CFC8 /* LockExample.app */,
			);
			name = Products;
			sourceTree = "<group>";
		};
		6306E0AC157FFB020047CFC8 /* Frameworks */ = {
			isa = PBXGroup;
			children = (
				6306E0AD157FFB020047CFC8 /* UIKit.framework */,
				6306E0AF157FFB020047CFC8 /* Foundation.framework */,
				6306E0B1157FFB020047CFC8 /* CoreGraphics.framework */,
			);
			name = Frameworks;
			sourceTree = "<group>";
		};
		6306E0B3157FFB020047CFC8 /* LockExample */ = {
			isa = PBXGroup;
			children = (
				6306E0BC157FFB020047CFC8 /* MTAppDelegate.h */,
				6306E0BD157FFB020047CFC8 /* MTAppDelegate.m */,
				6306E0BF157FFB020047CFC8 /* MTViewController.h */,
				6306E0C0157FFB020047CFC8 /* MTViewController.m */,
				6306E0C2157FFB020047CFC8 /* MTViewController.xib */,
				6306E0B4157FFB020047CFC8 /* Supporting Files */,
			);
			path = LockExample;
			sourceTree = "<group>";
		};
		6306E0B4157FFB020047CFC8 /* Supporting Files */ = {
			isa = PBXGroup;
			children = (
				6306E0B5157FFB020047CFC8 /* LockExample-Info.plist */,
				6306E0B6157FFB020047CFC8 /* InfoPlist.strings */,
				6306E0B9157FFB020047CFC8 /* main.m */,
				6306E0BB157FFB020047CFC8 /* LockExample-Prefix.pch */,
			);
			name = "Supporting Files";
			sourceTree = "<group>";
		};
/* End PBXGroup section */

/* Begin PBXNativeTarget section */
		6306E0A8157FFB010047CFC8 /* LockExample */ = {
			isa = PBXNativeTarget;
			buildConfigurationList = 6306E0C7157FFB020047CFC8 /* Build configuration list for PBXNativeTarget "LockExample" */;
			buildPhases = (
				6306E0A5157FFB010047CFC8 /* Sources */,
				6306E0A6157FFB010047CFC8 /* Frameworks */,
				6306E0A7157FFB010047CFC8 /* Resources */,
			);
			buildRules = (
			);
			dependencies = (
			);
			name = LockExample;
			productName = LockExample;
			productReference = 6306E0A9157FFB020047CFC8 /* LockExample.app */;
			productType = "com.apple.product-type.application";
		};
/* End PBXNativeTarget section */

/* Begin PBXProject section */
		6306E0A0157FFB010047CFC8 /* Project object */ = {
			isa = PBXProject;
			attributes = {
				CLASSPREFIX = MT;
				LastUpgradeCheck = 0430;
				ORGANIZATIONNAME = "Megatome Technologies LLC";
			};
			buildConfigurationList = 6306E0A3157FFB010047CFC8 /* Build configuration list for PBXProject "LockExample" */;
			compatibilityVersion = "Xcode 3.2";
			developmentRegion = English;
			hasScannedForEncodings = 0;
			knownRegions = (
				en,
			);
			mainGroup = 6306E09E157FFB010047CFC8;
			productRefGroup = 6306E0AA157FFB020047CFC8 /* Products */;
			projectDirPath = "";
			projectRoot = "";
			targets = (
				6306E0A8157FFB010047CFC8 /* LockExample */,
			);
		};
/* End PBXProject section */

/* Begin PBXResourcesBuildPhase section */
		6306E0A7157FFB010047CFC8 /* Resources */ = {
			isa = PBXResourcesBuildPhase;
			buildActionMask = 2147483647;
			files = (
				6306E0B8157FFB020047CFC8 /* InfoPlist.strings in Resources */,
				6306E0C4157FFB020047CFC8 /* MTViewController.xib in Resources */,
				6306E0C9157FFB020047CFCA /* README.md in Resources */,
			);
			runOnlyForDeploymentPostprocessing = 0;
		};
/* End PBXResourcesBuildPhase section */

/* Begin PBXSourcesBuildPhase section */
		6306E0A5157FFB010047CFC8 /* Sources */ = {
			isa = PBXSourcesBuildPhase;
			buildActionMask = 2147483647;
			files = (
				6306E0BA157FFB020047CFC8 /* main.m in Sources */,
				6306E0BE157FFB020047CFC8 /* MTAppDelegate.m in Sources */,
				6306E0C1157FFB020047CFC8 /* MTViewController.m in Sources */,
			);
			runOnlyForDeploymentPostprocessing = 0;
		};
/* End PBXSourcesBuildPhase section */

/* Begin PBXVariantGroup section */
		6306E0B6157FFB020047CFC8 /* InfoPlist.strings */ = {
			isa = PBXVariantGroup;
			children = (
				6306E0B7157FFB020047CFC8 /* en */,
			);
			name = InfoPlist.strings;
			sourceTree = "<group>";
		};
		6306E0C2157FFB020047CFC8 /* MTViewController.xib */ = {
			isa = PBXVariantGroup;
			children = (
				6306E0C3157FFB020047CFC8 /* en */,
			);
			name = MTViewController.xib;
			sourceTree = "<group>";
		};
/* End PBXVariantGroup section */

/* Begin XCBuildConfiguration section */
		6306E0C5157FFB020047CFC8 /* Debug */ = {
			isa = XCBuildConfiguration;
			buildSettings = {
				ALWAYS_SEARCH_USER_PATHS = NO;
				ARCHS = "$(ARCHS_STANDARD_32_BIT)";
				CLANG_ENABLE_OBJC_ARC = YES;
				"CODE_SIGN_IDENTITY[sdk=iphoneos*]" = "iPhone Developer";
				COPY_PHASE_STRIP = NO;
				GCC_C_LANGUAGE_STANDARD = gnu99;
				GCC_DYNAMIC_NO_PIC = NO;
				GCC_OPTIMIZATION_LEVEL = 0;
				GCC_PREPROCESSOR_DEFINITIONS = (
					"DEBUG=1",
					"$(inherited)",
				);
				GCC_SYMBOLS_PRIVATE_EXTERN = NO;
				GCC_VERSION = com.apple.compilers.llvm.clang.1_0;
				GCC_WARN_ABOUT_RETURN_TYPE = YES;
				GCC_WARN_UNINITIALIZED_AUTOS = YES;
				GCC_WARN_UNUSED_VARIABLE = YES;
				IPHONEOS_DEPLOYMENT_TARGET = 5.1;
				SDKROOT = iphoneos;
			};
			name = Debug;
		};
		6306E0C6157FFB020047CFC8 /* Release */ = {
			isa = XCBuildConfiguration;
			buildSettings = {
				ALWAYS_SEARCH_USER_PATHS = NO;
				ARCHS = "$(ARCHS_STANDARD_32_BIT)";
				CLANG_ENABLE_OBJC_ARC = YES;
				"CODE_SIGN_IDENTITY[sdk=iphoneos*]" = "iPhone Developer";
				COPY_PHASE_STRIP = YES;
				GCC_C_LANGUAGE_STANDARD = gnu99;
				GCC_VERSION = com.apple.compilers.llvm.clang.1_0;
				GCC_WARN_ABOUT_RETURN_TYPE = YES;
				GCC_WARN_UNINITIALIZED_AUTOS = YES;
				GCC_WARN_UNUSED_VARIABLE = YES;
				IPHONEOS_DEPLOYMENT_TARGET = 5.1;
				OTHER_CFLAGS = "-DNS_BLOCK_ASSERTIONS=1";
				SDKROOT = iphoneos;
				VALIDATE_PRODUCT = YES;
			};
			name = Release;
		};
		6306E0C8157FFB020047CFC8 /* Debug */ = {
			isa = XCBuildConfiguration;
			buildSettings = {
				GCC_PRECOMPILE_PREFIX_HEADER = YES;
				GCC_PREFIX_HEADER = "LockExample/LockExample-Prefix.pch";
				INFOPLIST_FILE = "LockExample/LockExample-Info.plist";
				PRODUCT_NAME = "$(TARGET_NAME)";
				WRAPPER_EXTENSION = app;
			};
			name = Debug;
		};
		6306E0C9157FFB020047CFC8 /* Release */ = {
			isa = XCBuildConfiguration;
			buildSettings = {
				GCC_PRECOMPILE_PREFIX_HEADER = YES;
				GCC_PREFIX_HEADER = "LockExample/LockExample-Prefix.pch";
				INFOPLIST_FILE = "LockExample/LockExample-Info.plist";
				PRODUCT_NAME = "$(TARGET_NAME)";
				WRAPPER_EXTENSION = app;
			};
			name = Release;
		};
/* End XCBuildConfiguration section */

/* Begin XCConfigurationList section */
		6306E0A3157FFB010047CFC8 /* Build configuration list for PBXProject "LockExample" */ = {
			isa = XCConfigurationList;
			buildConfigurations = (
				6306E0C5157FFB020047CFC8 /* Debug */,
				6306E0C6157FFB020047CFC8 /* Release */,
			);
			defaultConfigurationIsVisible = 0;
			defaultConfigurationName = Release;
		};
		6306E0C7157FFB020047CFC8 /* Build configuration list for PBXNativeTarget "LockExample" */ = {
			isa = XCConfigurationList;
			buildConfigurations = (
				6306E0C8157FFB020047CFC8 /* Debug */,
				6306E0C9157FFB020047CFC8 /* Release */,
			);
			defaultConfigurationIsVisible = 0;
			defaultConfigurationName = Release;
		};
/* End XCConfigurationList section */
	};
	rootObject = 6306E0A0157FFB010047CFC8 /* Project object */;
}
